
Microsoft Visual Studio Solution File, Format Version 12.00
# Visual Studio Version 17
VisualStudioVersion = 17.8.34316.72
MinimumVisualStudioVersion = 10.0.40219.1
Project("{9A19103F-16F7-4668-BE54-9A1E7A4F7556}") = "Prueba-SCISA-Michelle", "Prueba-SCISA-Michelle.csproj", "{EBA83E7C-63DB-4CB0-BEF8-DFA75033A717}"
EndProject
Global
	GlobalSection(SolutionConfigurationPlatforms) = preSolution
		Debug|Any CPU = Debug|Any CPU
		Release|Any CPU = Release|Any CPU
	EndGlobalSection
	GlobalSection(ProjectConfigurationPlatforms) = postSolution
		{EBA83E7C-63DB-4CB0-BEF8-DFA75033A717}.Debug|Any CPU.ActiveCfg = Debug|Any CPU
		{EBA83E7C-63DB-4CB0-BEF8-DFA75033A717}.Debug|Any CPU.Build.0 = Debug|Any CPU
		{EBA83E7C-63DB-4CB0-BEF8-DFA75033A717}.Release|Any CPU.ActiveCfg = Release|Any CPU
		{EBA83E7C-63DB-4CB0-BEF8-DFA75033A717}.Release|Any CPU.Build.0 = Release|Any CPU
	EndGlobalSection
	GlobalSection(SolutionProperties) = preSolution
		HideSolutionNode = FALSE
	EndGlobalSection
	GlobalSection(ExtensibilityGlobals) = postSolution
		SolutionGuid = {DCC9C244-F57C-4379-9B4C-EA8D2E4AB92A}
	EndGlobalSection
EndGlobal
